
Microsoft Visual Studio Solution File, Format Version 12.00
# Visual Studio Version 16
VisualStudioVersion = 16.0.29806.167
MinimumVisualStudioVersion = 10.0.40219.1
Project("{9A19103F-16F7-4668-BE54-9A1E7A4F7556}") = "API", "API\API.csproj", "{C948016D-8468-464E-BA0A-4089D68712BB}"
EndProject
Project("{9A19103F-16F7-4668-BE54-9A1E7A4F7556}") = "Services", "Services\Services.csproj", "{7C27771C-E7C4-4C37-890F-B9E36461C5D4}"
EndProject
Project("{9A19103F-16F7-4668-BE54-9A1E7A4F7556}") = "FileParserWebjob", "FileParserWebjob\FileParserWebjob.csproj", "{76440417-B498-4670-BF12-09E3ED4855C4}"
EndProject
Project("{FAE04EC0-301F-11D3-BF4B-00C04F79EFBC}") = "Database", "Database\Database.csproj", "{3248C209-B11A-413A-AF17-7CF6839B8DCF}"
EndProject
Global
	GlobalSection(SolutionConfigurationPlatforms) = preSolution
		Debug|Any CPU = Debug|Any CPU
		Release|Any CPU = Release|Any CPU
	EndGlobalSection
	GlobalSection(ProjectConfigurationPlatforms) = postSolution
		{C948016D-8468-464E-BA0A-4089D68712BB}.Debug|Any CPU.ActiveCfg = Debug|Any CPU
		{C948016D-8468-464E-BA0A-4089D68712BB}.Debug|Any CPU.Build.0 = Debug|Any CPU
		{C948016D-8468-464E-BA0A-4089D68712BB}.Release|Any CPU.ActiveCfg = Release|Any CPU
		{C948016D-8468-464E-BA0A-4089D68712BB}.Release|Any CPU.Build.0 = Release|Any CPU
		{7C27771C-E7C4-4C37-890F-B9E36461C5D4}.Debug|Any CPU.ActiveCfg = Debug|Any CPU
		{7C27771C-E7C4-4C37-890F-B9E36461C5D4}.Debug|Any CPU.Build.0 = Debug|Any CPU
		{7C27771C-E7C4-4C37-890F-B9E36461C5D4}.Release|Any CPU.ActiveCfg = Release|Any CPU
		{7C27771C-E7C4-4C37-890F-B9E36461C5D4}.Release|Any CPU.Build.0 = Release|Any CPU
		{76440417-B498-4670-BF12-09E3ED4855C4}.Debug|Any CPU.ActiveCfg = Debug|Any CPU
		{76440417-B498-4670-BF12-09E3ED4855C4}.Debug|Any CPU.Build.0 = Debug|Any CPU
		{76440417-B498-4670-BF12-09E3ED4855C4}.Release|Any CPU.ActiveCfg = Release|Any CPU
		{76440417-B498-4670-BF12-09E3ED4855C4}.Release|Any CPU.Build.0 = Release|Any CPU
		{3248C209-B11A-413A-AF17-7CF6839B8DCF}.Debug|Any CPU.ActiveCfg = Debug|Any CPU
		{3248C209-B11A-413A-AF17-7CF6839B8DCF}.Debug|Any CPU.Build.0 = Debug|Any CPU
		{3248C209-B11A-413A-AF17-7CF6839B8DCF}.Release|Any CPU.ActiveCfg = Release|Any CPU
		{3248C209-B11A-413A-AF17-7CF6839B8DCF}.Release|Any CPU.Build.0 = Release|Any CPU
	EndGlobalSection
	GlobalSection(SolutionProperties) = preSolution
		HideSolutionNode = FALSE
	EndGlobalSection
	GlobalSection(ExtensibilityGlobals) = postSolution
		SolutionGuid = {E5110B42-1A9F-49B8-816A-B600E90D30F4}
	EndGlobalSection
EndGlobal
